
Microsoft Visual Studio Solution File, Format Version 12.00
# Visual Studio Version 17
VisualStudioVersion = 17.6.33801.468
MinimumVisualStudioVersion = 10.0.40219.1
Project("{FAE04EC0-301F-11D3-BF4B-00C04F79EFBC}") = "backend-upc-5-2023", "backend-upc-5-2023.csproj", "{27E5F888-676A-448F-A54F-AE5112F17256}"
EndProject
Global
	GlobalSection(SolutionConfigurationPlatforms) = preSolution
		Debug|Any CPU = Debug|Any CPU
		Release|Any CPU = Release|Any CPU
	EndGlobalSection
	GlobalSection(ProjectConfigurationPlatforms) = postSolution
		{27E5F888-676A-448F-A54F-AE5112F17256}.Debug|Any CPU.ActiveCfg = Debug|Any CPU
		{27E5F888-676A-448F-A54F-AE5112F17256}.Debug|Any CPU.Build.0 = Debug|Any CPU
		{27E5F888-676A-448F-A54F-AE5112F17256}.Release|Any CPU.ActiveCfg = Release|Any CPU
		{27E5F888-676A-448F-A54F-AE5112F17256}.Release|Any CPU.Build.0 = Release|Any CPU
	EndGlobalSection
	GlobalSection(SolutionProperties) = preSolution
		HideSolutionNode = FALSE
	EndGlobalSection
	GlobalSection(ExtensibilityGlobals) = postSolution
		SolutionGuid = {DECB7DDC-5C89-494E-92C1-50C93F373AA0}
	EndGlobalSection
EndGlobal
